
Microsoft Visual Studio Solution File, Format Version 12.00
# Visual Studio Version 16
VisualStudioVersion = 16.0.29215.179
MinimumVisualStudioVersion = 10.0.40219.1
Project("{FAE04EC0-301F-11D3-BF4B-00C04F79EFBC}") = "6-SecurityMisconfig", "6-SecurityMisconfig\6-SecurityMisconfig.csproj", "{A5600AC0-E758-4E74-BD09-15C496337CCA}"
EndProject
Global
	GlobalSection(SolutionConfigurationPlatforms) = preSolution
		Debug|Any CPU = Debug|Any CPU
		Release|Any CPU = Release|Any CPU
	EndGlobalSection
	GlobalSection(ProjectConfigurationPlatforms) = postSolution
		{A5600AC0-E758-4E74-BD09-15C496337CCA}.Debug|Any CPU.ActiveCfg = Debug|Any CPU
		{A5600AC0-E758-4E74-BD09-15C496337CCA}.Debug|Any CPU.Build.0 = Debug|Any CPU
		{A5600AC0-E758-4E74-BD09-15C496337CCA}.Release|Any CPU.ActiveCfg = Release|Any CPU
		{A5600AC0-E758-4E74-BD09-15C496337CCA}.Release|Any CPU.Build.0 = Release|Any CPU
	EndGlobalSection
	GlobalSection(SolutionProperties) = preSolution
		HideSolutionNode = FALSE
	EndGlobalSection
	GlobalSection(ExtensibilityGlobals) = postSolution
		SolutionGuid = {44D98FF3-0909-4A9B-A938-DE356D33108B}
	EndGlobalSection
EndGlobal
